
Microsoft Visual Studio Solution File, Format Version 12.00
# Visual Studio 2013
VisualStudioVersion = 12.0.30501.0
MinimumVisualStudioVersion = 10.0.40219.1
Project("{FAE04EC0-301F-11D3-BF4B-00C04F79EFBC}") = "Service.Evenement.Dal", "Service.Evenement.Dal\Service.Evenement.Dal.csproj", "{13646A72-1632-43BD-BD8C-B3E7FB5B6372}"
EndProject
Project("{FAE04EC0-301F-11D3-BF4B-00C04F79EFBC}") = "Service.Evenement.Business", "Service.Evenement.Business\Service.Evenement.Business.csproj", "{5968D451-9F4F-4361-AACC-645EE4298F3B}"
EndProject
Project("{FAE04EC0-301F-11D3-BF4B-00C04F79EFBC}") = "Service.Evenement.Exposition", "Service.Evenement.Front\Service.Evenement.Exposition.csproj", "{F0A65BA3-07D1-45A7-9A69-1410B07C9121}"
EndProject
Project("{FAE04EC0-301F-11D3-BF4B-00C04F79EFBC}") = "Service.Evenement.Exposition.Tests", "Service.Evenement.Front.Tests\Service.Evenement.Exposition.Tests.csproj", "{52F364B0-AB56-496C-9FD7-532C5B41C3B9}"
EndProject
Global
	GlobalSection(SolutionConfigurationPlatforms) = preSolution
		Debug|Any CPU = Debug|Any CPU
		Release|Any CPU = Release|Any CPU
	EndGlobalSection
	GlobalSection(ProjectConfigurationPlatforms) = postSolution
		{13646A72-1632-43BD-BD8C-B3E7FB5B6372}.Debug|Any CPU.ActiveCfg = Debug|Any CPU
		{13646A72-1632-43BD-BD8C-B3E7FB5B6372}.Debug|Any CPU.Build.0 = Debug|Any CPU
		{13646A72-1632-43BD-BD8C-B3E7FB5B6372}.Release|Any CPU.ActiveCfg = Release|Any CPU
		{13646A72-1632-43BD-BD8C-B3E7FB5B6372}.Release|Any CPU.Build.0 = Release|Any CPU
		{5968D451-9F4F-4361-AACC-645EE4298F3B}.Debug|Any CPU.ActiveCfg = Debug|Any CPU
		{5968D451-9F4F-4361-AACC-645EE4298F3B}.Debug|Any CPU.Build.0 = Debug|Any CPU
		{5968D451-9F4F-4361-AACC-645EE4298F3B}.Release|Any CPU.ActiveCfg = Release|Any CPU
		{5968D451-9F4F-4361-AACC-645EE4298F3B}.Release|Any CPU.Build.0 = Release|Any CPU
		{F0A65BA3-07D1-45A7-9A69-1410B07C9121}.Debug|Any CPU.ActiveCfg = Debug|Any CPU
		{F0A65BA3-07D1-45A7-9A69-1410B07C9121}.Debug|Any CPU.Build.0 = Debug|Any CPU
		{F0A65BA3-07D1-45A7-9A69-1410B07C9121}.Release|Any CPU.ActiveCfg = Release|Any CPU
		{F0A65BA3-07D1-45A7-9A69-1410B07C9121}.Release|Any CPU.Build.0 = Release|Any CPU
		{52F364B0-AB56-496C-9FD7-532C5B41C3B9}.Debug|Any CPU.ActiveCfg = Debug|Any CPU
		{52F364B0-AB56-496C-9FD7-532C5B41C3B9}.Debug|Any CPU.Build.0 = Debug|Any CPU
		{52F364B0-AB56-496C-9FD7-532C5B41C3B9}.Release|Any CPU.ActiveCfg = Release|Any CPU
		{52F364B0-AB56-496C-9FD7-532C5B41C3B9}.Release|Any CPU.Build.0 = Release|Any CPU
	EndGlobalSection
	GlobalSection(SolutionProperties) = preSolution
		HideSolutionNode = FALSE
	EndGlobalSection
EndGlobal
